<?xml version="1.0" encoding="utf-8"?>
<Project ToolsVersion="4.0" xmlns="http://schemas.microsoft.com/developer/msbuild/2003">
  <ItemGroup>
    <Filter Include="Shaders">
      <UniqueIdentifier>{EFAC8DF2-5B8C-0C8E-64A4-9764D00273EF}</UniqueIdentifier>
    </Filter>
    <Filter Include="Shaders\lib">
      <UniqueIdentifier>{952B84AA-01E1-FC9F-8AD5-F676F689F3A3}</UniqueIdentifier>
    </Filter>
    <Filter Include="Shaders\lib\utility">
      <UniqueIdentifier>{F846A046-64A8-7D54-ED15-C4065976B413}</UniqueIdentifier>
    </Filter>
  </ItemGroup>
  <ItemGroup>
    <ClInclude Include="Source\Camera.h" />
    <ClInclude Include="Source\RTAccelerationStructure.h" />
    <ClInclude Include="Source\RTMaterial.h" />
    <ClInclude Include="Source\RTMesh.h" />
    <ClInclude Include="Source\RTScene.h" />
    <ClInclude Include="Source\RTXApp.h" />
    <ClInclude Include="Source\ShaderBindingTable.h" />
    <ClInclude Include="Source\Shaders\BSDF.h">
      <Filter>Shaders</Filter>
    </ClInclude>
    <ClInclude Include="Source\Shaders\Random.h">
      <Filter>Shaders</Filter>
    </ClInclude>
    <ClInclude Include="Source\Shaders\lib\universal.h">
      <Filter>Shaders\lib</Filter>
    </ClInclude>
    <ClInclude Include="Source\Shaders\lib\utility\complex.h">
      <Filter>Shaders\lib\utility</Filter>
    </ClInclude>
    <ClInclude Include="Source\Shaders\lib\utility\constants.h">
      <Filter>Shaders\lib\utility</Filter>
    </ClInclude>
    <ClInclude Include="Source\Shaders\lib\utility\fastMath.h">
      <Filter>Shaders\lib\utility</Filter>
    </ClInclude>
    <ClInclude Include="Source\Shaders\lib\utility\functions.h">
      <Filter>Shaders\lib\utility</Filter>
    </ClInclude>
    <ClInclude Include="Source\Shaders\lib\utility\macros.h">
      <Filter>Shaders\lib\utility</Filter>
    </ClInclude>
    <ClInclude Include="Source\Shaders\lib\utility\packing.h">
      <Filter>Shaders\lib\utility</Filter>
    </ClInclude>
    <ClInclude Include="Source\Shaders\lib\utility\rotate.h">
      <Filter>Shaders\lib\utility</Filter>
    </ClInclude>
    <ClInclude Include="Source\VKKHR.h" />
    <ClInclude Include="Source\shared_with_shaders.h" />
  </ItemGroup>
  <ItemGroup>
    <ClCompile Include="Source\Camera.cpp" />
    <ClCompile Include="Source\RTMesh.cpp" />
    <ClCompile Include="Source\RTScene.cpp" />
    <ClCompile Include="Source\RTXApp.cpp" />
    <ClCompile Include="Source\ShaderBindingTable.cpp" />
    <ClCompile Include="Source\main.cpp" />
  </ItemGroup>
  <ItemGroup>
    <None Include="_data\shaders\ray_chit.bin" />
    <None Include="_data\shaders\ray_gen.bin" />
    <None Include="_data\shaders\ray_miss.bin" />
  </ItemGroup>
</Project>